// !$*UTF8*$!
{
	archiveVersion = 1;
	classes = {
	};
	objectVersion = 50;
	objects = {

/* Begin PBXBuildFile section */
		7A00BBB125C12871004A0DB0 /* test.c in Sources */ = {isa = PBXBuildFile; fileRef = 7A00BBB025C12871004A0DB0 /* test.c */; };
		7A5032C125BB9F2800478758 /* parser.l in Sources */ = {isa = PBXBuildFile; fileRef = 7A5032C025BB9F2800478758 /* parser.l */; };
		7A5032C325BB9F6500478758 /* parser.y in Sources */ = {isa = PBXBuildFile; fileRef = 7A5032C225BB9F6500478758 /* parser.y */; };
		7A5032C625BB9F8B00478758 /* makefile in Sources */ = {isa = PBXBuildFile; fileRef = 7A5032C525BB9F8B00478758 /* makefile */; };
/* End PBXBuildFile section */

/* Begin PBXCopyFilesBuildPhase section */
		7A5032B425BB9BB400478758 /* CopyFiles */ = {
			isa = PBXCopyFilesBuildPhase;
			buildActionMask = 2147483647;
			dstPath = /usr/share/man/man1/;
			dstSubfolderSpec = 0;
			files = (
			);
			runOnlyForDeploymentPostprocessing = 1;
		};
/* End PBXCopyFilesBuildPhase section */

/* Begin PBXFileReference section */
		7A00BBB025C12871004A0DB0 /* test.c */ = {isa = PBXFileReference; lastKnownFileType = sourcecode.c.c; path = test.c; sourceTree = "<group>"; };
		7A5032B625BB9BB400478758 /* Compilers */ = {isa = PBXFileReference; explicitFileType = "compiled.mach-o.executable"; includeInIndex = 0; path = Compilers; sourceTree = BUILT_PRODUCTS_DIR; };
		7A5032C025BB9F2800478758 /* parser.l */ = {isa = PBXFileReference; lastKnownFileType = sourcecode.lex; path = parser.l; sourceTree = "<group>"; };
		7A5032C225BB9F6500478758 /* parser.y */ = {isa = PBXFileReference; lastKnownFileType = sourcecode.yacc; path = parser.y; sourceTree = "<group>"; };
		7A5032C425BB9F7400478758 /* scanType.h */ = {isa = PBXFileReference; lastKnownFileType = sourcecode.c.h; path = scanType.h; sourceTree = "<group>"; };
		7A5032C525BB9F8B00478758 /* makefile */ = {isa = PBXFileReference; lastKnownFileType = sourcecode.make; path = makefile; sourceTree = "<group>"; };
/* End PBXFileReference section */

/* Begin PBXFrameworksBuildPhase section */
		7A5032B325BB9BB400478758 /* Frameworks */ = {
			isa = PBXFrameworksBuildPhase;
			buildActionMask = 2147483647;
			files = (
			);
			runOnlyForDeploymentPostprocessing = 0;
		};
/* End PBXFrameworksBuildPhase section */

/* Begin PBXGroup section */
		7A5032AD25BB9BB400478758 = {
			isa = PBXGroup;
			children = (
				7A5032B825BB9BB400478758 /* Compilers */,
				7A5032B725BB9BB400478758 /* Products */,
			);
			sourceTree = "<group>";
		};
		7A5032B725BB9BB400478758 /* Products */ = {
			isa = PBXGroup;
			children = (
				7A5032B625BB9BB400478758 /* Compilers */,
			);
			name = Products;
			sourceTree = "<group>";
		};
		7A5032B825BB9BB400478758 /* Compilers */ = {
			isa = PBXGroup;
			children = (
				7A5032C025BB9F2800478758 /* parser.l */,
				7A5032C225BB9F6500478758 /* parser.y */,
				7A5032C425BB9F7400478758 /* scanType.h */,
				7A5032C525BB9F8B00478758 /* makefile */,
				7A00BBB025C12871004A0DB0 /* test.c */,
			);
			path = Compilers;
			sourceTree = "<group>";
		};
/* End PBXGroup section */

/* Begin PBXNativeTarget section */
		7A5032B525BB9BB400478758 /* Compilers */ = {
			isa = PBXNativeTarget;
			buildConfigurationList = 7A5032BD25BB9BB400478758 /* Build configuration list for PBXNativeTarget "Compilers" */;
			buildPhases = (
				7A5032B225BB9BB400478758 /* Sources */,
				7A5032B325BB9BB400478758 /* Frameworks */,
				7A5032B425BB9BB400478758 /* CopyFiles */,
			);
			buildRules = (
			);
			dependencies = (
			);
			name = Compilers;
			productName = Compilers;
			productReference = 7A5032B625BB9BB400478758 /* Compilers */;
			productType = "com.apple.product-type.tool";
		};
/* End PBXNativeTarget section */

/* Begin PBXProject section */
		7A5032AE25BB9BB400478758 /* Project object */ = {
			isa = PBXProject;
			attributes = {
				LastUpgradeCheck = 1160;
				ORGANIZATIONNAME = "Sydney Petrehn";
				TargetAttributes = {
					7A5032B525BB9BB400478758 = {
						CreatedOnToolsVersion = 11.6;
					};
				};
			};
			buildConfigurationList = 7A5032B125BB9BB400478758 /* Build configuration list for PBXProject "Compilers" */;
			compatibilityVersion = "Xcode 9.3";
			developmentRegion = en;
			hasScannedForEncodings = 0;
			knownRegions = (
				en,
				Base,
			);
			mainGroup = 7A5032AD25BB9BB400478758;
			productRefGroup = 7A5032B725BB9BB400478758 /* Products */;
			projectDirPath = "";
			projectRoot = "";
			targets = (
				7A5032B525BB9BB400478758 /* Compilers */,
			);
		};
/* End PBXProject section */

/* Begin PBXSourcesBuildPhase section */
		7A5032B225BB9BB400478758 /* Sources */ = {
			isa = PBXSourcesBuildPhase;
			buildActionMask = 2147483647;
			files = (
				7A5032C325BB9F6500478758 /* parser.y in Sources */,
				7A5032C625BB9F8B00478758 /* makefile in Sources */,
				7A5032C125BB9F2800478758 /* parser.l in Sources */,
				7A00BBB125C12871004A0DB0 /* test.c in Sources */,
			);
			runOnlyForDeploymentPostprocessing = 0;
		};
/* End PBXSourcesBuildPhase section */

/* Begin XCBuildConfiguration section */
		7A5032BB25BB9BB400478758 /* Debug */ = {
			isa = XCBuildConfiguration;
			buildSettings = {
				ALWAYS_SEARCH_USER_PATHS = NO;
				CLANG_ANALYZER_NONNULL = YES;
				CLANG_ANALYZER_NUMBER_OBJECT_CONVERSION = YES_AGGRESSIVE;
				CLANG_CXX_LANGUAGE_STANDARD = "gnu++14";
				CLANG_CXX_LIBRARY = "libc++";
				CLANG_ENABLE_MODULES = YES;
				CLANG_ENABLE_OBJC_ARC = YES;
				CLANG_ENABLE_OBJC_WEAK = YES;
				CLANG_WARN_BLOCK_CAPTURE_AUTORELEASING = YES;
				CLANG_WARN_BOOL_CONVERSION = YES;
				CLANG_WARN_COMMA = YES;
				CLANG_WARN_CONSTANT_CONVERSION = YES;
				CLANG_WARN_DEPRECATED_OBJC_IMPLEMENTATIONS = YES;
				CLANG_WARN_DIRECT_OBJC_ISA_USAGE = YES_ERROR;
				CLANG_WARN_DOCUMENTATION_COMMENTS = YES;
				CLANG_WARN_EMPTY_BODY = YES;
				CLANG_WARN_ENUM_CONVERSION = YES;
				CLANG_WARN_INFINITE_RECURSION = YES;
				CLANG_WARN_INT_CONVERSION = YES;
				CLANG_WARN_NON_LITERAL_NULL_CONVERSION = YES;
				CLANG_WARN_OBJC_IMPLICIT_RETAIN_SELF = YES;
				CLANG_WARN_OBJC_LITERAL_CONVERSION = YES;
				CLANG_WARN_OBJC_ROOT_CLASS = YES_ERROR;
				CLANG_WARN_RANGE_LOOP_ANALYSIS = YES;
				CLANG_WARN_STRICT_PROTOTYPES = YES;
				CLANG_WARN_SUSPICIOUS_MOVE = YES;
				CLANG_WARN_UNGUARDED_AVAILABILITY = YES_AGGRESSIVE;
				CLANG_WARN_UNREACHABLE_CODE = YES;
				CLANG_WARN__DUPLICATE_METHOD_MATCH = YES;
				COPY_PHASE_STRIP = NO;
				DEBUG_INFORMATION_FORMAT = dwarf;
				ENABLE_STRICT_OBJC_MSGSEND = YES;
				ENABLE_TESTABILITY = YES;
				GCC_C_LANGUAGE_STANDARD = gnu11;
				GCC_DYNAMIC_NO_PIC = NO;
				GCC_NO_COMMON_BLOCKS = YES;
				GCC_OPTIMIZATION_LEVEL = 0;
				GCC_PREPROCESSOR_DEFINITIONS = (
					"DEBUG=1",
					"$(inherited)",
				);
				GCC_WARN_64_TO_32_BIT_CONVERSION = YES;
				GCC_WARN_ABOUT_RETURN_TYPE = YES_ERROR;
				GCC_WARN_UNDECLARED_SELECTOR = YES;
				GCC_WARN_UNINITIALIZED_AUTOS = YES_AGGRESSIVE;
				GCC_WARN_UNUSED_FUNCTION = YES;
				GCC_WARN_UNUSED_VARIABLE = YES;
				MACOSX_DEPLOYMENT_TARGET = 10.15;
				MTL_ENABLE_DEBUG_INFO = INCLUDE_SOURCE;
				MTL_FAST_MATH = YES;
				ONLY_ACTIVE_ARCH = YES;
				SDKROOT = macosx;
			};
			name = Debug;
		};
		7A5032BC25BB9BB400478758 /* Release */ = {
			isa = XCBuildConfiguration;
			buildSettings = {
				ALWAYS_SEARCH_USER_PATHS = NO;
				CLANG_ANALYZER_NONNULL = YES;
				CLANG_ANALYZER_NUMBER_OBJECT_CONVERSION = YES_AGGRESSIVE;
				CLANG_CXX_LANGUAGE_STANDARD = "gnu++14";
				CLANG_CXX_LIBRARY = "libc++";
				CLANG_ENABLE_MODULES = YES;
				CLANG_ENABLE_OBJC_ARC = YES;
				CLANG_ENABLE_OBJC_WEAK = YES;
				CLANG_WARN_BLOCK_CAPTURE_AUTORELEASING = YES;
				CLANG_WARN_BOOL_CONVERSION = YES;
				CLANG_WARN_COMMA = YES;
				CLANG_WARN_CONSTANT_CONVERSION = YES;
				CLANG_WARN_DEPRECATED_OBJC_IMPLEMENTATIONS = YES;
				CLANG_WARN_DIRECT_OBJC_ISA_USAGE = YES_ERROR;
				CLANG_WARN_DOCUMENTATION_COMMENTS = YES;
				CLANG_WARN_EMPTY_BODY = YES;
				CLANG_WARN_ENUM_CONVERSION = YES;
				CLANG_WARN_INFINITE_RECURSION = YES;
				CLANG_WARN_INT_CONVERSION = YES;
				CLANG_WARN_NON_LITERAL_NULL_CONVERSION = YES;
				CLANG_WARN_OBJC_IMPLICIT_RETAIN_SELF = YES;
				CLANG_WARN_OBJC_LITERAL_CONVERSION = YES;
				CLANG_WARN_OBJC_ROOT_CLASS = YES_ERROR;
				CLANG_WARN_RANGE_LOOP_ANALYSIS = YES;
				CLANG_WARN_STRICT_PROTOTYPES = YES;
				CLANG_WARN_SUSPICIOUS_MOVE = YES;
				CLANG_WARN_UNGUARDED_AVAILABILITY = YES_AGGRESSIVE;
				CLANG_WARN_UNREACHABLE_CODE = YES;
				CLANG_WARN__DUPLICATE_METHOD_MATCH = YES;
				COPY_PHASE_STRIP = NO;
				DEBUG_INFORMATION_FORMAT = "dwarf-with-dsym";
				ENABLE_NS_ASSERTIONS = NO;
				ENABLE_STRICT_OBJC_MSGSEND = YES;
				GCC_C_LANGUAGE_STANDARD = gnu11;
				GCC_NO_COMMON_BLOCKS = YES;
				GCC_WARN_64_TO_32_BIT_CONVERSION = YES;
				GCC_WARN_ABOUT_RETURN_TYPE = YES_ERROR;
				GCC_WARN_UNDECLARED_SELECTOR = YES;
				GCC_WARN_UNINITIALIZED_AUTOS = YES_AGGRESSIVE;
				GCC_WARN_UNUSED_FUNCTION = YES;
				GCC_WARN_UNUSED_VARIABLE = YES;
				MACOSX_DEPLOYMENT_TARGET = 10.15;
				MTL_ENABLE_DEBUG_INFO = NO;
				MTL_FAST_MATH = YES;
				SDKROOT = macosx;
			};
			name = Release;
		};
		7A5032BE25BB9BB400478758 /* Debug */ = {
			isa = XCBuildConfiguration;
			buildSettings = {
				CODE_SIGN_STYLE = Automatic;
				PRODUCT_NAME = "$(TARGET_NAME)";
			};
			name = Debug;
		};
		7A5032BF25BB9BB400478758 /* Release */ = {
			isa = XCBuildConfiguration;
			buildSettings = {
				CODE_SIGN_STYLE = Automatic;
				PRODUCT_NAME = "$(TARGET_NAME)";
			};
			name = Release;
		};
/* End XCBuildConfiguration section */

/* Begin XCConfigurationList section */
		7A5032B125BB9BB400478758 /* Build configuration list for PBXProject "Compilers" */ = {
			isa = XCConfigurationList;
			buildConfigurations = (
				7A5032BB25BB9BB400478758 /* Debug */,
				7A5032BC25BB9BB400478758 /* Release */,
			);
			defaultConfigurationIsVisible = 0;
			defaultConfigurationName = Release;
		};
		7A5032BD25BB9BB400478758 /* Build configuration list for PBXNativeTarget "Compilers" */ = {
			isa = XCConfigurationList;
			buildConfigurations = (
				7A5032BE25BB9BB400478758 /* Debug */,
				7A5032BF25BB9BB400478758 /* Release */,
			);
			defaultConfigurationIsVisible = 0;
			defaultConfigurationName = Release;
		};
/* End XCConfigurationList section */
	};
	rootObject = 7A5032AE25BB9BB400478758 /* Project object */;
}
